
Microsoft Visual Studio Solution File, Format Version 12.00
# Visual Studio 14
VisualStudioVersion = 14.0.25420.1
MinimumVisualStudioVersion = 10.0.40219.1
Project("{FAE04EC0-301F-11D3-BF4B-00C04F79EFBC}") = "SWMMToolkitWrapper", "SWMMToolkitWrapper\SWMMToolkitWrapper.csproj", "{AE90096E-DEEE-4DFB-9E34-F10F2E892347}"
EndProject
Project("{FAE04EC0-301F-11D3-BF4B-00C04F79EFBC}") = "TestSWMMToolkit", "TestSWMMToolkit\TestSWMMToolkit.csproj", "{2B01A18B-BCAD-43C3-B3C3-09906C68B1D1}"
EndProject
Global
	GlobalSection(SolutionConfigurationPlatforms) = preSolution
		Debug|Any CPU = Debug|Any CPU
		Release|Any CPU = Release|Any CPU
	EndGlobalSection
	GlobalSection(ProjectConfigurationPlatforms) = postSolution
		{AE90096E-DEEE-4DFB-9E34-F10F2E892347}.Debug|Any CPU.ActiveCfg = Debug|Any CPU
		{AE90096E-DEEE-4DFB-9E34-F10F2E892347}.Debug|Any CPU.Build.0 = Debug|Any CPU
		{AE90096E-DEEE-4DFB-9E34-F10F2E892347}.Release|Any CPU.ActiveCfg = Release|Any CPU
		{AE90096E-DEEE-4DFB-9E34-F10F2E892347}.Release|Any CPU.Build.0 = Release|Any CPU
		{2B01A18B-BCAD-43C3-B3C3-09906C68B1D1}.Debug|Any CPU.ActiveCfg = Debug|Any CPU
		{2B01A18B-BCAD-43C3-B3C3-09906C68B1D1}.Debug|Any CPU.Build.0 = Debug|Any CPU
		{2B01A18B-BCAD-43C3-B3C3-09906C68B1D1}.Release|Any CPU.ActiveCfg = Release|Any CPU
		{2B01A18B-BCAD-43C3-B3C3-09906C68B1D1}.Release|Any CPU.Build.0 = Release|Any CPU
	EndGlobalSection
	GlobalSection(SolutionProperties) = preSolution
		HideSolutionNode = FALSE
	EndGlobalSection
EndGlobal
